// !$*UTF8*$!
{
	archiveVersion = 1;
	classes = {
	};
	objectVersion = 50;
	objects = {

/* Begin PBXBuildFile section */
		18247E172769F1E500E6DB94 /* AppDelegate.m in Sources */ = {isa = PBXBuildFile; fileRef = 18247E162769F1E500E6DB94 /* AppDelegate.m */; };
		18247E222769F1E700E6DB94 /* Assets.xcassets in Resources */ = {isa = PBXBuildFile; fileRef = 18247E212769F1E700E6DB94 /* Assets.xcassets */; };
		18247E252769F1E700E6DB94 /* LaunchScreen.storyboard in Resources */ = {isa = PBXBuildFile; fileRef = 18247E232769F1E700E6DB94 /* LaunchScreen.storyboard */; };
		18247E282769F1E700E6DB94 /* main.m in Sources */ = {isa = PBXBuildFile; fileRef = 18247E272769F1E700E6DB94 /* main.m */; };
		18247E322769F1E700E6DB94 /* ExampleTests.m in Sources */ = {isa = PBXBuildFile; fileRef = 18247E312769F1E700E6DB94 /* ExampleTests.m */; };
		18247E3D2769F1E700E6DB94 /* ExampleUITests.m in Sources */ = {isa = PBXBuildFile; fileRef = 18247E3C2769F1E700E6DB94 /* ExampleUITests.m */; };
		18247E8A276B3FD600E6DB94 /* AVPrivacyAuthTool.m in Sources */ = {isa = PBXBuildFile; fileRef = 18247E89276B3FD600E6DB94 /* AVPrivacyAuthTool.m */; };
/* End PBXBuildFile section */

/* Begin PBXContainerItemProxy section */
		18247E2E2769F1E700E6DB94 /* PBXContainerItemProxy */ = {
			isa = PBXContainerItemProxy;
			containerPortal = 18247E0A2769F1E500E6DB94 /* Project object */;
			proxyType = 1;
			remoteGlobalIDString = 18247E112769F1E500E6DB94;
			remoteInfo = Example;
		};
		18247E392769F1E700E6DB94 /* PBXContainerItemProxy */ = {
			isa = PBXContainerItemProxy;
			containerPortal = 18247E0A2769F1E500E6DB94 /* Project object */;
			proxyType = 1;
			remoteGlobalIDString = 18247E112769F1E500E6DB94;
			remoteInfo = Example;
		};
/* End PBXContainerItemProxy section */

/* Begin PBXFileReference section */
		18247E122769F1E500E6DB94 /* Example.app */ = {isa = PBXFileReference; explicitFileType = wrapper.application; includeInIndex = 0; path = Example.app; sourceTree = BUILT_PRODUCTS_DIR; };
		18247E152769F1E500E6DB94 /* AppDelegate.h */ = {isa = PBXFileReference; lastKnownFileType = sourcecode.c.h; path = AppDelegate.h; sourceTree = "<group>"; };
		18247E162769F1E500E6DB94 /* AppDelegate.m */ = {isa = PBXFileReference; lastKnownFileType = sourcecode.c.objc; path = AppDelegate.m; sourceTree = "<group>"; };
		18247E212769F1E700E6DB94 /* Assets.xcassets */ = {isa = PBXFileReference; lastKnownFileType = folder.assetcatalog; path = Assets.xcassets; sourceTree = "<group>"; };
		18247E242769F1E700E6DB94 /* Base */ = {isa = PBXFileReference; lastKnownFileType = file.storyboard; name = Base; path = Base.lproj/LaunchScreen.storyboard; sourceTree = "<group>"; };
		18247E262769F1E700E6DB94 /* Info.plist */ = {isa = PBXFileReference; lastKnownFileType = text.plist.xml; path = Info.plist; sourceTree = "<group>"; };
		18247E272769F1E700E6DB94 /* main.m */ = {isa = PBXFileReference; lastKnownFileType = sourcecode.c.objc; path = main.m; sourceTree = "<group>"; };
		18247E2D2769F1E700E6DB94 /* ExampleTests.xctest */ = {isa = PBXFileReference; explicitFileType = wrapper.cfbundle; includeInIndex = 0; path = ExampleTests.xctest; sourceTree = BUILT_PRODUCTS_DIR; };
		18247E312769F1E700E6DB94 /* ExampleTests.m */ = {isa = PBXFileReference; lastKnownFileType = sourcecode.c.objc; path = ExampleTests.m; sourceTree = "<group>"; };
		18247E332769F1E700E6DB94 /* Info.plist */ = {isa = PBXFileReference; lastKnownFileType = text.plist.xml; path = Info.plist; sourceTree = "<group>"; };
		18247E382769F1E700E6DB94 /* ExampleUITests.xctest */ = {isa = PBXFileReference; explicitFileType = wrapper.cfbundle; includeInIndex = 0; path = ExampleUITests.xctest; sourceTree = BUILT_PRODUCTS_DIR; };
		18247E3C2769F1E700E6DB94 /* ExampleUITests.m */ = {isa = PBXFileReference; lastKnownFileType = sourcecode.c.objc; path = ExampleUITests.m; sourceTree = "<group>"; };
		18247E3E2769F1E700E6DB94 /* Info.plist */ = {isa = PBXFileReference; lastKnownFileType = text.plist.xml; path = Info.plist; sourceTree = "<group>"; };
		18247E88276B3FD600E6DB94 /* AVPrivacyAuthTool.h */ = {isa = PBXFileReference; fileEncoding = 4; lastKnownFileType = sourcecode.c.h; path = AVPrivacyAuthTool.h; sourceTree = "<group>"; };
		18247E89276B3FD600E6DB94 /* AVPrivacyAuthTool.m */ = {isa = PBXFileReference; fileEncoding = 4; lastKnownFileType = sourcecode.c.objc; path = AVPrivacyAuthTool.m; sourceTree = "<group>"; };
/* End PBXFileReference section */

/* Begin PBXFrameworksBuildPhase section */
		18247E0F2769F1E500E6DB94 /* Frameworks */ = {
			isa = PBXFrameworksBuildPhase;
			buildActionMask = 2147483647;
			files = (
			);
			runOnlyForDeploymentPostprocessing = 0;
		};
		18247E2A2769F1E700E6DB94 /* Frameworks */ = {
			isa = PBXFrameworksBuildPhase;
			buildActionMask = 2147483647;
			files = (
			);
			runOnlyForDeploymentPostprocessing = 0;
		};
		18247E352769F1E700E6DB94 /* Frameworks */ = {
			isa = PBXFrameworksBuildPhase;
			buildActionMask = 2147483647;
			files = (
			);
			runOnlyForDeploymentPostprocessing = 0;
		};
/* End PBXFrameworksBuildPhase section */

/* Begin PBXGroup section */
		18247E092769F1E500E6DB94 = {
			isa = PBXGroup;
			children = (
				18247E87276B3FD600E6DB94 /* AVPrivacyAuthTool */,
				18247E142769F1E500E6DB94 /* Example */,
				18247E302769F1E700E6DB94 /* ExampleTests */,
				18247E3B2769F1E700E6DB94 /* ExampleUITests */,
				18247E132769F1E500E6DB94 /* Products */,
			);
			sourceTree = "<group>";
		};
		18247E132769F1E500E6DB94 /* Products */ = {
			isa = PBXGroup;
			children = (
				18247E122769F1E500E6DB94 /* Example.app */,
				18247E2D2769F1E700E6DB94 /* ExampleTests.xctest */,
				18247E382769F1E700E6DB94 /* ExampleUITests.xctest */,
			);
			name = Products;
			sourceTree = "<group>";
		};
		18247E142769F1E500E6DB94 /* Example */ = {
			isa = PBXGroup;
			children = (
				18247E152769F1E500E6DB94 /* AppDelegate.h */,
				18247E162769F1E500E6DB94 /* AppDelegate.m */,
				18247E272769F1E700E6DB94 /* main.m */,
				18247E262769F1E700E6DB94 /* Info.plist */,
				18247E212769F1E700E6DB94 /* Assets.xcassets */,
				18247E232769F1E700E6DB94 /* LaunchScreen.storyboard */,
			);
			path = Example;
			sourceTree = "<group>";
		};
		18247E302769F1E700E6DB94 /* ExampleTests */ = {
			isa = PBXGroup;
			children = (
				18247E312769F1E700E6DB94 /* ExampleTests.m */,
				18247E332769F1E700E6DB94 /* Info.plist */,
			);
			path = ExampleTests;
			sourceTree = "<group>";
		};
		18247E3B2769F1E700E6DB94 /* ExampleUITests */ = {
			isa = PBXGroup;
			children = (
				18247E3C2769F1E700E6DB94 /* ExampleUITests.m */,
				18247E3E2769F1E700E6DB94 /* Info.plist */,
			);
			path = ExampleUITests;
			sourceTree = "<group>";
		};
		18247E87276B3FD600E6DB94 /* AVPrivacyAuthTool */ = {
			isa = PBXGroup;
			children = (
				18247E88276B3FD600E6DB94 /* AVPrivacyAuthTool.h */,
				18247E89276B3FD600E6DB94 /* AVPrivacyAuthTool.m */,
			);
			path = AVPrivacyAuthTool;
			sourceTree = "<group>";
		};
/* End PBXGroup section */

/* Begin PBXNativeTarget section */
		18247E112769F1E500E6DB94 /* Example */ = {
			isa = PBXNativeTarget;
			buildConfigurationList = 18247E412769F1E700E6DB94 /* Build configuration list for PBXNativeTarget "Example" */;
			buildPhases = (
				18247E0E2769F1E500E6DB94 /* Sources */,
				18247E0F2769F1E500E6DB94 /* Frameworks */,
				18247E102769F1E500E6DB94 /* Resources */,
			);
			buildRules = (
			);
			dependencies = (
			);
			name = Example;
			productName = Example;
			productReference = 18247E122769F1E500E6DB94 /* Example.app */;
			productType = "com.apple.product-type.application";
		};
		18247E2C2769F1E700E6DB94 /* ExampleTests */ = {
			isa = PBXNativeTarget;
			buildConfigurationList = 18247E442769F1E700E6DB94 /* Build configuration list for PBXNativeTarget "ExampleTests" */;
			buildPhases = (
				18247E292769F1E700E6DB94 /* Sources */,
				18247E2A2769F1E700E6DB94 /* Frameworks */,
				18247E2B2769F1E700E6DB94 /* Resources */,
			);
			buildRules = (
			);
			dependencies = (
				18247E2F2769F1E700E6DB94 /* PBXTargetDependency */,
			);
			name = ExampleTests;
			productName = ExampleTests;
			productReference = 18247E2D2769F1E700E6DB94 /* ExampleTests.xctest */;
			productType = "com.apple.product-type.bundle.unit-test";
		};
		18247E372769F1E700E6DB94 /* ExampleUITests */ = {
			isa = PBXNativeTarget;
			buildConfigurationList = 18247E472769F1E700E6DB94 /* Build configuration list for PBXNativeTarget "ExampleUITests" */;
			buildPhases = (
				18247E342769F1E700E6DB94 /* Sources */,
				18247E352769F1E700E6DB94 /* Frameworks */,
				18247E362769F1E700E6DB94 /* Resources */,
			);
			buildRules = (
			);
			dependencies = (
				18247E3A2769F1E700E6DB94 /* PBXTargetDependency */,
			);
			name = ExampleUITests;
			productName = ExampleUITests;
			productReference = 18247E382769F1E700E6DB94 /* ExampleUITests.xctest */;
			productType = "com.apple.product-type.bundle.ui-testing";
		};
/* End PBXNativeTarget section */

/* Begin PBXProject section */
		18247E0A2769F1E500E6DB94 /* Project object */ = {
			isa = PBXProject;
			attributes = {
				LastUpgradeCheck = 1250;
				TargetAttributes = {
					18247E112769F1E500E6DB94 = {
						CreatedOnToolsVersion = 12.5.1;
					};
					18247E2C2769F1E700E6DB94 = {
						CreatedOnToolsVersion = 12.5.1;
						TestTargetID = 18247E112769F1E500E6DB94;
					};
					18247E372769F1E700E6DB94 = {
						CreatedOnToolsVersion = 12.5.1;
						TestTargetID = 18247E112769F1E500E6DB94;
					};
				};
			};
			buildConfigurationList = 18247E0D2769F1E500E6DB94 /* Build configuration list for PBXProject "Example" */;
			compatibilityVersion = "Xcode 9.3";
			developmentRegion = en;
			hasScannedForEncodings = 0;
			knownRegions = (
				en,
				Base,
			);
			mainGroup = 18247E092769F1E500E6DB94;
			productRefGroup = 18247E132769F1E500E6DB94 /* Products */;
			projectDirPath = "";
			projectRoot = "";
			targets = (
				18247E112769F1E500E6DB94 /* Example */,
				18247E2C2769F1E700E6DB94 /* ExampleTests */,
				18247E372769F1E700E6DB94 /* ExampleUITests */,
			);
		};
/* End PBXProject section */

/* Begin PBXResourcesBuildPhase section */
		18247E102769F1E500E6DB94 /* Resources */ = {
			isa = PBXResourcesBuildPhase;
			buildActionMask = 2147483647;
			files = (
				18247E252769F1E700E6DB94 /* LaunchScreen.storyboard in Resources */,
				18247E222769F1E700E6DB94 /* Assets.xcassets in Resources */,
			);
			runOnlyForDeploymentPostprocessing = 0;
		};
		18247E2B2769F1E700E6DB94 /* Resources */ = {
			isa = PBXResourcesBuildPhase;
			buildActionMask = 2147483647;
			files = (
			);
			runOnlyForDeploymentPostprocessing = 0;
		};
		18247E362769F1E700E6DB94 /* Resources */ = {
			isa = PBXResourcesBuildPhase;
			buildActionMask = 2147483647;
			files = (
			);
			runOnlyForDeploymentPostprocessing = 0;
		};
/* End PBXResourcesBuildPhase section */

/* Begin PBXSourcesBuildPhase section */
		18247E0E2769F1E500E6DB94 /* Sources */ = {
			isa = PBXSourcesBuildPhase;
			buildActionMask = 2147483647;
			files = (
				18247E172769F1E500E6DB94 /* AppDelegate.m in Sources */,
				18247E8A276B3FD600E6DB94 /* AVPrivacyAuthTool.m in Sources */,
				18247E282769F1E700E6DB94 /* main.m in Sources */,
			);
			runOnlyForDeploymentPostprocessing = 0;
		};
		18247E292769F1E700E6DB94 /* Sources */ = {
			isa = PBXSourcesBuildPhase;
			buildActionMask = 2147483647;
			files = (
				18247E322769F1E700E6DB94 /* ExampleTests.m in Sources */,
			);
			runOnlyForDeploymentPostprocessing = 0;
		};
		18247E342769F1E700E6DB94 /* Sources */ = {
			isa = PBXSourcesBuildPhase;
			buildActionMask = 2147483647;
			files = (
				18247E3D2769F1E700E6DB94 /* ExampleUITests.m in Sources */,
			);
			runOnlyForDeploymentPostprocessing = 0;
		};
/* End PBXSourcesBuildPhase section */

/* Begin PBXTargetDependency section */
		18247E2F2769F1E700E6DB94 /* PBXTargetDependency */ = {
			isa = PBXTargetDependency;
			target = 18247E112769F1E500E6DB94 /* Example */;
			targetProxy = 18247E2E2769F1E700E6DB94 /* PBXContainerItemProxy */;
		};
		18247E3A2769F1E700E6DB94 /* PBXTargetDependency */ = {
			isa = PBXTargetDependency;
			target = 18247E112769F1E500E6DB94 /* Example */;
			targetProxy = 18247E392769F1E700E6DB94 /* PBXContainerItemProxy */;
		};
/* End PBXTargetDependency section */

/* Begin PBXVariantGroup section */
		18247E232769F1E700E6DB94 /* LaunchScreen.storyboard */ = {
			isa = PBXVariantGroup;
			children = (
				18247E242769F1E700E6DB94 /* Base */,
			);
			name = LaunchScreen.storyboard;
			sourceTree = "<group>";
		};
/* End PBXVariantGroup section */

/* Begin XCBuildConfiguration section */
		18247E3F2769F1E700E6DB94 /* Debug */ = {
			isa = XCBuildConfiguration;
			buildSettings = {
				ALWAYS_SEARCH_USER_PATHS = NO;
				CLANG_ANALYZER_NONNULL = YES;
				CLANG_ANALYZER_NUMBER_OBJECT_CONVERSION = YES_AGGRESSIVE;
				CLANG_CXX_LANGUAGE_STANDARD = "gnu++14";
				CLANG_CXX_LIBRARY = "libc++";
				CLANG_ENABLE_MODULES = YES;
				CLANG_ENABLE_OBJC_ARC = YES;
				CLANG_ENABLE_OBJC_WEAK = YES;
				CLANG_WARN_BLOCK_CAPTURE_AUTORELEASING = YES;
				CLANG_WARN_BOOL_CONVERSION = YES;
				CLANG_WARN_COMMA = YES;
				CLANG_WARN_CONSTANT_CONVERSION = YES;
				CLANG_WARN_DEPRECATED_OBJC_IMPLEMENTATIONS = YES;
				CLANG_WARN_DIRECT_OBJC_ISA_USAGE = YES_ERROR;
				CLANG_WARN_DOCUMENTATION_COMMENTS = YES;
				CLANG_WARN_EMPTY_BODY = YES;
				CLANG_WARN_ENUM_CONVERSION = YES;
				CLANG_WARN_INFINITE_RECURSION = YES;
				CLANG_WARN_INT_CONVERSION = YES;
				CLANG_WARN_NON_LITERAL_NULL_CONVERSION = YES;
				CLANG_WARN_OBJC_IMPLICIT_RETAIN_SELF = YES;
				CLANG_WARN_OBJC_LITERAL_CONVERSION = YES;
				CLANG_WARN_OBJC_ROOT_CLASS = YES_ERROR;
				CLANG_WARN_QUOTED_INCLUDE_IN_FRAMEWORK_HEADER = YES;
				CLANG_WARN_RANGE_LOOP_ANALYSIS = YES;
				CLANG_WARN_STRICT_PROTOTYPES = YES;
				CLANG_WARN_SUSPICIOUS_MOVE = YES;
				CLANG_WARN_UNGUARDED_AVAILABILITY = YES_AGGRESSIVE;
				CLANG_WARN_UNREACHABLE_CODE = YES;
				CLANG_WARN__DUPLICATE_METHOD_MATCH = YES;
				COPY_PHASE_STRIP = NO;
				DEBUG_INFORMATION_FORMAT = dwarf;
				ENABLE_STRICT_OBJC_MSGSEND = YES;
				ENABLE_TESTABILITY = YES;
				GCC_C_LANGUAGE_STANDARD = gnu11;
				GCC_DYNAMIC_NO_PIC = NO;
				GCC_NO_COMMON_BLOCKS = YES;
				GCC_OPTIMIZATION_LEVEL = 0;
				GCC_PREPROCESSOR_DEFINITIONS = (
					"DEBUG=1",
					"$(inherited)",
				);
				GCC_WARN_64_TO_32_BIT_CONVERSION = YES;
				GCC_WARN_ABOUT_RETURN_TYPE = YES_ERROR;
				GCC_WARN_UNDECLARED_SELECTOR = YES;
				GCC_WARN_UNINITIALIZED_AUTOS = YES_AGGRESSIVE;
				GCC_WARN_UNUSED_FUNCTION = YES;
				GCC_WARN_UNUSED_VARIABLE = YES;
				IPHONEOS_DEPLOYMENT_TARGET = 14.5;
				MTL_ENABLE_DEBUG_INFO = INCLUDE_SOURCE;
				MTL_FAST_MATH = YES;
				ONLY_ACTIVE_ARCH = YES;
				SDKROOT = iphoneos;
			};
			name = Debug;
		};
		18247E402769F1E700E6DB94 /* Release */ = {
			isa = XCBuildConfiguration;
			buildSettings = {
				ALWAYS_SEARCH_USER_PATHS = NO;
				CLANG_ANALYZER_NONNULL = YES;
				CLANG_ANALYZER_NUMBER_OBJECT_CONVERSION = YES_AGGRESSIVE;
				CLANG_CXX_LANGUAGE_STANDARD = "gnu++14";
				CLANG_CXX_LIBRARY = "libc++";
				CLANG_ENABLE_MODULES = YES;
				CLANG_ENABLE_OBJC_ARC = YES;
				CLANG_ENABLE_OBJC_WEAK = YES;
				CLANG_WARN_BLOCK_CAPTURE_AUTORELEASING = YES;
				CLANG_WARN_BOOL_CONVERSION = YES;
				CLANG_WARN_COMMA = YES;
				CLANG_WARN_CONSTANT_CONVERSION = YES;
				CLANG_WARN_DEPRECATED_OBJC_IMPLEMENTATIONS = YES;
				CLANG_WARN_DIRECT_OBJC_ISA_USAGE = YES_ERROR;
				CLANG_WARN_DOCUMENTATION_COMMENTS = YES;
				CLANG_WARN_EMPTY_BODY = YES;
				CLANG_WARN_ENUM_CONVERSION = YES;
				CLANG_WARN_INFINITE_RECURSION = YES;
				CLANG_WARN_INT_CONVERSION = YES;
				CLANG_WARN_NON_LITERAL_NULL_CONVERSION = YES;
				CLANG_WARN_OBJC_IMPLICIT_RETAIN_SELF = YES;
				CLANG_WARN_OBJC_LITERAL_CONVERSION = YES;
				CLANG_WARN_OBJC_ROOT_CLASS = YES_ERROR;
				CLANG_WARN_QUOTED_INCLUDE_IN_FRAMEWORK_HEADER = YES;
				CLANG_WARN_RANGE_LOOP_ANALYSIS = YES;
				CLANG_WARN_STRICT_PROTOTYPES = YES;
				CLANG_WARN_SUSPICIOUS_MOVE = YES;
				CLANG_WARN_UNGUARDED_AVAILABILITY = YES_AGGRESSIVE;
				CLANG_WARN_UNREACHABLE_CODE = YES;
				CLANG_WARN__DUPLICATE_METHOD_MATCH = YES;
				COPY_PHASE_STRIP = NO;
				DEBUG_INFORMATION_FORMAT = "dwarf-with-dsym";
				ENABLE_NS_ASSERTIONS = NO;
				ENABLE_STRICT_OBJC_MSGSEND = YES;
				GCC_C_LANGUAGE_STANDARD = gnu11;
				GCC_NO_COMMON_BLOCKS = YES;
				GCC_WARN_64_TO_32_BIT_CONVERSION = YES;
				GCC_WARN_ABOUT_RETURN_TYPE = YES_ERROR;
				GCC_WARN_UNDECLARED_SELECTOR = YES;
				GCC_WARN_UNINITIALIZED_AUTOS = YES_AGGRESSIVE;
				GCC_WARN_UNUSED_FUNCTION = YES;
				GCC_WARN_UNUSED_VARIABLE = YES;
				IPHONEOS_DEPLOYMENT_TARGET = 14.5;
				MTL_ENABLE_DEBUG_INFO = NO;
				MTL_FAST_MATH = YES;
				SDKROOT = iphoneos;
				VALIDATE_PRODUCT = YES;
			};
			name = Release;
		};
		18247E422769F1E700E6DB94 /* Debug */ = {
			isa = XCBuildConfiguration;
			buildSettings = {
				ASSETCATALOG_COMPILER_APPICON_NAME = AppIcon;
				ASSETCATALOG_COMPILER_GLOBAL_ACCENT_COLOR_NAME = AccentColor;
				CODE_SIGN_STYLE = Manual;
				CURRENT_PROJECT_VERSION = 1.0.0.0;
				DEVELOPMENT_TEAM = "";
				INFOPLIST_FILE = Example/Info.plist;
				IPHONEOS_DEPLOYMENT_TARGET = 11.0;
				LD_RUNPATH_SEARCH_PATHS = (
					"$(inherited)",
					"@executable_path/Frameworks",
				);
				MARKETING_VERSION = 1.0.0;
				PRODUCT_BUNDLE_IDENTIFIER = com.YLKJ.Example;
				PRODUCT_NAME = "$(TARGET_NAME)";
				PROVISIONING_PROFILE_SPECIFIER = "";
				TARGETED_DEVICE_FAMILY = 1;
			};
			name = Debug;
		};
		18247E432769F1E700E6DB94 /* Release */ = {
			isa = XCBuildConfiguration;
			buildSettings = {
				ASSETCATALOG_COMPILER_APPICON_NAME = AppIcon;
				ASSETCATALOG_COMPILER_GLOBAL_ACCENT_COLOR_NAME = AccentColor;
				CODE_SIGN_STYLE = Manual;
				CURRENT_PROJECT_VERSION = 1.0.0.0;
				DEVELOPMENT_TEAM = "";
				INFOPLIST_FILE = Example/Info.plist;
				IPHONEOS_DEPLOYMENT_TARGET = 11.0;
				LD_RUNPATH_SEARCH_PATHS = (
					"$(inherited)",
					"@executable_path/Frameworks",
				);
				MARKETING_VERSION = 1.0.0;
				PRODUCT_BUNDLE_IDENTIFIER = com.YLKJ.Example;
				PRODUCT_NAME = "$(TARGET_NAME)";
				PROVISIONING_PROFILE_SPECIFIER = "";
				TARGETED_DEVICE_FAMILY = 1;
			};
			name = Release;
		};
		18247E452769F1E700E6DB94 /* Debug */ = {
			isa = XCBuildConfiguration;
			buildSettings = {
				BUNDLE_LOADER = "$(TEST_HOST)";
				CODE_SIGN_STYLE = Automatic;
				INFOPLIST_FILE = ExampleTests/Info.plist;
				IPHONEOS_DEPLOYMENT_TARGET = 14.5;
				LD_RUNPATH_SEARCH_PATHS = (
					"$(inherited)",
					"@executable_path/Frameworks",
					"@loader_path/Frameworks",
				);
				PRODUCT_BUNDLE_IDENTIFIER = com.YLKJ.ExampleTests;
				PRODUCT_NAME = "$(TARGET_NAME)";
				TARGETED_DEVICE_FAMILY = "1,2";
				TEST_HOST = "$(BUILT_PRODUCTS_DIR)/Example.app/Example";
			};
			name = Debug;
		};
		18247E462769F1E700E6DB94 /* Release */ = {
			isa = XCBuildConfiguration;
			buildSettings = {
				BUNDLE_LOADER = "$(TEST_HOST)";
				CODE_SIGN_STYLE = Automatic;
				INFOPLIST_FILE = ExampleTests/Info.plist;
				IPHONEOS_DEPLOYMENT_TARGET = 14.5;
				LD_RUNPATH_SEARCH_PATHS = (
					"$(inherited)",
					"@executable_path/Frameworks",
					"@loader_path/Frameworks",
				);
				PRODUCT_BUNDLE_IDENTIFIER = com.YLKJ.ExampleTests;
				PRODUCT_NAME = "$(TARGET_NAME)";
				TARGETED_DEVICE_FAMILY = "1,2";
				TEST_HOST = "$(BUILT_PRODUCTS_DIR)/Example.app/Example";
			};
			name = Release;
		};
		18247E482769F1E700E6DB94 /* Debug */ = {
			isa = XCBuildConfiguration;
			buildSettings = {
				CODE_SIGN_STYLE = Automatic;
				INFOPLIST_FILE = ExampleUITests/Info.plist;
				LD_RUNPATH_SEARCH_PATHS = (
					"$(inherited)",
					"@executable_path/Frameworks",
					"@loader_path/Frameworks",
				);
				PRODUCT_BUNDLE_IDENTIFIER = com.YLKJ.ExampleUITests;
				PRODUCT_NAME = "$(TARGET_NAME)";
				TARGETED_DEVICE_FAMILY = "1,2";
				TEST_TARGET_NAME = Example;
			};
			name = Debug;
		};
		18247E492769F1E700E6DB94 /* Release */ = {
			isa = XCBuildConfiguration;
			buildSettings = {
				CODE_SIGN_STYLE = Automatic;
				INFOPLIST_FILE = ExampleUITests/Info.plist;
				LD_RUNPATH_SEARCH_PATHS = (
					"$(inherited)",
					"@executable_path/Frameworks",
					"@loader_path/Frameworks",
				);
				PRODUCT_BUNDLE_IDENTIFIER = com.YLKJ.ExampleUITests;
				PRODUCT_NAME = "$(TARGET_NAME)";
				TARGETED_DEVICE_FAMILY = "1,2";
				TEST_TARGET_NAME = Example;
			};
			name = Release;
		};
/* End XCBuildConfiguration section */

/* Begin XCConfigurationList section */
		18247E0D2769F1E500E6DB94 /* Build configuration list for PBXProject "Example" */ = {
			isa = XCConfigurationList;
			buildConfigurations = (
				18247E3F2769F1E700E6DB94 /* Debug */,
				18247E402769F1E700E6DB94 /* Release */,
			);
			defaultConfigurationIsVisible = 0;
			defaultConfigurationName = Release;
		};
		18247E412769F1E700E6DB94 /* Build configuration list for PBXNativeTarget "Example" */ = {
			isa = XCConfigurationList;
			buildConfigurations = (
				18247E422769F1E700E6DB94 /* Debug */,
				18247E432769F1E700E6DB94 /* Release */,
			);
			defaultConfigurationIsVisible = 0;
			defaultConfigurationName = Release;
		};
		18247E442769F1E700E6DB94 /* Build configuration list for PBXNativeTarget "ExampleTests" */ = {
			isa = XCConfigurationList;
			buildConfigurations = (
				18247E452769F1E700E6DB94 /* Debug */,
				18247E462769F1E700E6DB94 /* Release */,
			);
			defaultConfigurationIsVisible = 0;
			defaultConfigurationName = Release;
		};
		18247E472769F1E700E6DB94 /* Build configuration list for PBXNativeTarget "ExampleUITests" */ = {
			isa = XCConfigurationList;
			buildConfigurations = (
				18247E482769F1E700E6DB94 /* Debug */,
				18247E492769F1E700E6DB94 /* Release */,
			);
			defaultConfigurationIsVisible = 0;
			defaultConfigurationName = Release;
		};
/* End XCConfigurationList section */
	};
	rootObject = 18247E0A2769F1E500E6DB94 /* Project object */;
}
